
Microsoft Visual Studio Solution File, Format Version 12.00
# Visual Studio Version 17
VisualStudioVersion = 17.9.34607.119
MinimumVisualStudioVersion = 10.0.40219.1
Project("{FAE04EC0-301F-11D3-BF4B-00C04F79EFBC}") = "PDF_Converter_Prototype", "PDF_Converter_Prototype\PDF_Converter_Prototype.csproj", "{1BD55C1C-1311-483F-A519-9BB654831549}"
EndProject
Global
	GlobalSection(SolutionConfigurationPlatforms) = preSolution
		Debug|Any CPU = Debug|Any CPU
		Release|Any CPU = Release|Any CPU
	EndGlobalSection
	GlobalSection(ProjectConfigurationPlatforms) = postSolution
		{1BD55C1C-1311-483F-A519-9BB654831549}.Debug|Any CPU.ActiveCfg = Debug|Any CPU
		{1BD55C1C-1311-483F-A519-9BB654831549}.Debug|Any CPU.Build.0 = Debug|Any CPU
		{1BD55C1C-1311-483F-A519-9BB654831549}.Release|Any CPU.ActiveCfg = Release|Any CPU
		{1BD55C1C-1311-483F-A519-9BB654831549}.Release|Any CPU.Build.0 = Release|Any CPU
	EndGlobalSection
	GlobalSection(SolutionProperties) = preSolution
		HideSolutionNode = FALSE
	EndGlobalSection
	GlobalSection(ExtensibilityGlobals) = postSolution
		SolutionGuid = {F49CB821-79AE-42AD-9F13-FB047D8CB085}
	EndGlobalSection
EndGlobal
